Microsoft Visual Studio Solution File, Format Version 12.00
# Visual Studio Version 17
VisualStudioVersion = 17.5.2.0
MinimumVisualStudioVersion = 10.0.40219.1
Project("{FAE04EC0-301F-11D3-BF4B-00C04F79EFBC}") = "02UnderstandingTypes", "02UnderstandingTypes.csproj", "{FCC0282A-2C9B-2DD7-419C-D5DDBD1EEAC7}"
EndProject
Global
	GlobalSection(SolutionConfigurationPlatforms) = preSolution
		Debug|Any CPU = Debug|Any CPU
		Release|Any CPU = Release|Any CPU
	EndGlobalSection
	GlobalSection(ProjectConfigurationPlatforms) = postSolution
		{FCC0282A-2C9B-2DD7-419C-D5DDBD1EEAC7}.Debug|Any CPU.ActiveCfg = Debug|Any CPU
		{FCC0282A-2C9B-2DD7-419C-D5DDBD1EEAC7}.Debug|Any CPU.Build.0 = Debug|Any CPU
		{FCC0282A-2C9B-2DD7-419C-D5DDBD1EEAC7}.Release|Any CPU.ActiveCfg = Release|Any CPU
		{FCC0282A-2C9B-2DD7-419C-D5DDBD1EEAC7}.Release|Any CPU.Build.0 = Release|Any CPU
	EndGlobalSection
	GlobalSection(SolutionProperties) = preSolution
		HideSolutionNode = FALSE
	EndGlobalSection
	GlobalSection(ExtensibilityGlobals) = postSolution
		SolutionGuid = {A1924AC4-77FC-4817-95C2-6A31C2922399}
	EndGlobalSection
EndGlobal
