Microsoft Visual Studio Solution File, Format Version 12.00
# Visual Studio Version 17
VisualStudioVersion = 17.5.2.0
MinimumVisualStudioVersion = 10.0.40219.1
Project("{FAE04EC0-301F-11D3-BF4B-00C04F79EFBC}") = "Guessing", "Guessing.csproj", "{79E02F06-CA64-F928-67C6-196278B9821E}"
EndProject
Global
	GlobalSection(SolutionConfigurationPlatforms) = preSolution
		Debug|Any CPU = Debug|Any CPU
		Release|Any CPU = Release|Any CPU
	EndGlobalSection
	GlobalSection(ProjectConfigurationPlatforms) = postSolution
		{79E02F06-CA64-F928-67C6-196278B9821E}.Debug|Any CPU.ActiveCfg = Debug|Any CPU
		{79E02F06-CA64-F928-67C6-196278B9821E}.Debug|Any CPU.Build.0 = Debug|Any CPU
		{79E02F06-CA64-F928-67C6-196278B9821E}.Release|Any CPU.ActiveCfg = Release|Any CPU
		{79E02F06-CA64-F928-67C6-196278B9821E}.Release|Any CPU.Build.0 = Release|Any CPU
	EndGlobalSection
	GlobalSection(SolutionProperties) = preSolution
		HideSolutionNode = FALSE
	EndGlobalSection
	GlobalSection(ExtensibilityGlobals) = postSolution
		SolutionGuid = {FC32FE7A-634E-4F48-BA7F-C3F960958484}
	EndGlobalSection
EndGlobal
